
Microsoft Visual Studio Solution File, Format Version 12.00
# Visual Studio Version 17
VisualStudioVersion = 17.0.31903.59
MinimumVisualStudioVersion = 10.0.40219.1
Project("{2150E333-8FDC-42A3-9474-1A3956D46DE8}") = "src", "src", "{827E0CD3-B72D-47B6-A68D-7590B98EB39B}"
EndProject
Project("{FAE04EC0-301F-11D3-BF4B-00C04F79EFBC}") = "ShouldDo.Api", "src\ShouldDo.Api\ShouldDo.Api.csproj", "{E5536B90-91F6-42F1-A6A0-BC78B85008B6}"
EndProject
Project("{FAE04EC0-301F-11D3-BF4B-00C04F79EFBC}") = "ShouldDo.Contracts", "src\ShouldDo.Contracts\ShouldDo.Contracts.csproj", "{0830AED9-75E9-463B-86BF-BD6F235FDCA2}"
EndProject
Project("{FAE04EC0-301F-11D3-BF4B-00C04F79EFBC}") = "ShouldDo.Application", "src\ShouldDo.Application\ShouldDo.Application.csproj", "{DD323CE8-CDB6-4533-8372-0688F909A17F}"
EndProject
Project("{2150E333-8FDC-42A3-9474-1A3956D46DE8}") = "test", "test", "{0C88DD14-F956-CE84-757C-A364CCF449FC}"
EndProject
Project("{FAE04EC0-301F-11D3-BF4B-00C04F79EFBC}") = "ShouldDo.Unit", "test\ShouldDo.Unit\ShouldDo.Unit.csproj", "{D2E09A38-6513-44F3-A3E9-53EFC767304B}"
EndProject
Project("{2150E333-8FDC-42A3-9474-1A3956D46DE8}") = "Solution Items", "Solution Items", "{5DE2AA6D-E301-4145-BF25-DCC0DF1F1984}"
	ProjectSection(SolutionItems) = preProject
		.gitignore = .gitignore
		Directory.Build.props = Directory.Build.props
		docker-compose.yml = docker-compose.yml
		global.json = global.json
		README.md = README.md
	EndProjectSection
EndProject
Project("{2150E333-8FDC-42A3-9474-1A3956D46DE8}") = "workflows", "workflows", "{02EA681E-C7D8-13C7-8484-4AC65E1B71E8}"
	ProjectSection(SolutionItems) = preProject
		.github\workflows\ci.yml = .github\workflows\ci.yml
	EndProjectSection
EndProject
Global
	GlobalSection(SolutionConfigurationPlatforms) = preSolution
		Debug|Any CPU = Debug|Any CPU
		Debug|x64 = Debug|x64
		Debug|x86 = Debug|x86
		Release|Any CPU = Release|Any CPU
		Release|x64 = Release|x64
		Release|x86 = Release|x86
	EndGlobalSection
	GlobalSection(ProjectConfigurationPlatforms) = postSolution
		{E5536B90-91F6-42F1-A6A0-BC78B85008B6}.Debug|Any CPU.ActiveCfg = Debug|Any CPU
		{E5536B90-91F6-42F1-A6A0-BC78B85008B6}.Debug|Any CPU.Build.0 = Debug|Any CPU
		{E5536B90-91F6-42F1-A6A0-BC78B85008B6}.Debug|x64.ActiveCfg = Debug|Any CPU
		{E5536B90-91F6-42F1-A6A0-BC78B85008B6}.Debug|x64.Build.0 = Debug|Any CPU
		{E5536B90-91F6-42F1-A6A0-BC78B85008B6}.Debug|x86.ActiveCfg = Debug|Any CPU
		{E5536B90-91F6-42F1-A6A0-BC78B85008B6}.Debug|x86.Build.0 = Debug|Any CPU
		{E5536B90-91F6-42F1-A6A0-BC78B85008B6}.Release|Any CPU.ActiveCfg = Release|Any CPU
		{E5536B90-91F6-42F1-A6A0-BC78B85008B6}.Release|Any CPU.Build.0 = Release|Any CPU
		{E5536B90-91F6-42F1-A6A0-BC78B85008B6}.Release|x64.ActiveCfg = Release|Any CPU
		{E5536B90-91F6-42F1-A6A0-BC78B85008B6}.Release|x64.Build.0 = Release|Any CPU
		{E5536B90-91F6-42F1-A6A0-BC78B85008B6}.Release|x86.ActiveCfg = Release|Any CPU
		{E5536B90-91F6-42F1-A6A0-BC78B85008B6}.Release|x86.Build.0 = Release|Any CPU
		{0830AED9-75E9-463B-86BF-BD6F235FDCA2}.Debug|Any CPU.ActiveCfg = Debug|Any CPU
		{0830AED9-75E9-463B-86BF-BD6F235FDCA2}.Debug|Any CPU.Build.0 = Debug|Any CPU
		{0830AED9-75E9-463B-86BF-BD6F235FDCA2}.Debug|x64.ActiveCfg = Debug|Any CPU
		{0830AED9-75E9-463B-86BF-BD6F235FDCA2}.Debug|x64.Build.0 = Debug|Any CPU
		{0830AED9-75E9-463B-86BF-BD6F235FDCA2}.Debug|x86.ActiveCfg = Debug|Any CPU
		{0830AED9-75E9-463B-86BF-BD6F235FDCA2}.Debug|x86.Build.0 = Debug|Any CPU
		{0830AED9-75E9-463B-86BF-BD6F235FDCA2}.Release|Any CPU.ActiveCfg = Release|Any CPU
		{0830AED9-75E9-463B-86BF-BD6F235FDCA2}.Release|Any CPU.Build.0 = Release|Any CPU
		{0830AED9-75E9-463B-86BF-BD6F235FDCA2}.Release|x64.ActiveCfg = Release|Any CPU
		{0830AED9-75E9-463B-86BF-BD6F235FDCA2}.Release|x64.Build.0 = Release|Any CPU
		{0830AED9-75E9-463B-86BF-BD6F235FDCA2}.Release|x86.ActiveCfg = Release|Any CPU
		{0830AED9-75E9-463B-86BF-BD6F235FDCA2}.Release|x86.Build.0 = Release|Any CPU
		{DD323CE8-CDB6-4533-8372-0688F909A17F}.Debug|Any CPU.ActiveCfg = Debug|Any CPU
		{DD323CE8-CDB6-4533-8372-0688F909A17F}.Debug|Any CPU.Build.0 = Debug|Any CPU
		{DD323CE8-CDB6-4533-8372-0688F909A17F}.Debug|x64.ActiveCfg = Debug|Any CPU
		{DD323CE8-CDB6-4533-8372-0688F909A17F}.Debug|x64.Build.0 = Debug|Any CPU
		{DD323CE8-CDB6-4533-8372-0688F909A17F}.Debug|x86.ActiveCfg = Debug|Any CPU
		{DD323CE8-CDB6-4533-8372-0688F909A17F}.Debug|x86.Build.0 = Debug|Any CPU
		{DD323CE8-CDB6-4533-8372-0688F909A17F}.Release|Any CPU.ActiveCfg = Release|Any CPU
		{DD323CE8-CDB6-4533-8372-0688F909A17F}.Release|Any CPU.Build.0 = Release|Any CPU
		{DD323CE8-CDB6-4533-8372-0688F909A17F}.Release|x64.ActiveCfg = Release|Any CPU
		{DD323CE8-CDB6-4533-8372-0688F909A17F}.Release|x64.Build.0 = Release|Any CPU
		{DD323CE8-CDB6-4533-8372-0688F909A17F}.Release|x86.ActiveCfg = Release|Any CPU
		{DD323CE8-CDB6-4533-8372-0688F909A17F}.Release|x86.Build.0 = Release|Any CPU
		{D2E09A38-6513-44F3-A3E9-53EFC767304B}.Debug|Any CPU.ActiveCfg = Debug|Any CPU
		{D2E09A38-6513-44F3-A3E9-53EFC767304B}.Debug|Any CPU.Build.0 = Debug|Any CPU
		{D2E09A38-6513-44F3-A3E9-53EFC767304B}.Debug|x64.ActiveCfg = Debug|Any CPU
		{D2E09A38-6513-44F3-A3E9-53EFC767304B}.Debug|x64.Build.0 = Debug|Any CPU
		{D2E09A38-6513-44F3-A3E9-53EFC767304B}.Debug|x86.ActiveCfg = Debug|Any CPU
		{D2E09A38-6513-44F3-A3E9-53EFC767304B}.Debug|x86.Build.0 = Debug|Any CPU
		{D2E09A38-6513-44F3-A3E9-53EFC767304B}.Release|Any CPU.ActiveCfg = Release|Any CPU
		{D2E09A38-6513-44F3-A3E9-53EFC767304B}.Release|Any CPU.Build.0 = Release|Any CPU
		{D2E09A38-6513-44F3-A3E9-53EFC767304B}.Release|x64.ActiveCfg = Release|Any CPU
		{D2E09A38-6513-44F3-A3E9-53EFC767304B}.Release|x64.Build.0 = Release|Any CPU
		{D2E09A38-6513-44F3-A3E9-53EFC767304B}.Release|x86.ActiveCfg = Release|Any CPU
		{D2E09A38-6513-44F3-A3E9-53EFC767304B}.Release|x86.Build.0 = Release|Any CPU
	EndGlobalSection
	GlobalSection(SolutionProperties) = preSolution
		HideSolutionNode = FALSE
	EndGlobalSection
	GlobalSection(NestedProjects) = preSolution
		{E5536B90-91F6-42F1-A6A0-BC78B85008B6} = {827E0CD3-B72D-47B6-A68D-7590B98EB39B}
		{0830AED9-75E9-463B-86BF-BD6F235FDCA2} = {827E0CD3-B72D-47B6-A68D-7590B98EB39B}
		{DD323CE8-CDB6-4533-8372-0688F909A17F} = {827E0CD3-B72D-47B6-A68D-7590B98EB39B}
		{D2E09A38-6513-44F3-A3E9-53EFC767304B} = {0C88DD14-F956-CE84-757C-A364CCF449FC}
		{02EA681E-C7D8-13C7-8484-4AC65E1B71E8} = {5DE2AA6D-E301-4145-BF25-DCC0DF1F1984}
	EndGlobalSection
	GlobalSection(ExtensibilityGlobals) = postSolution
		SolutionGuid = {CFB96BB8-2448-4AE3-9A3F-728A96E01BD4}
	EndGlobalSection
EndGlobal
